// !$*UTF8*$!
{
	archiveVersion = 1;
	classes = {
	};
	objectVersion = 56;
	objects = {

/* Begin PBXBuildFile section */
		4145045CE250E61BAAD870A5 /* Pods_ImplementandoFirebase.framework in Frameworks */ = {isa = PBXBuildFile; fileRef = 29F37F7228F74D8E5E0B76CF /* Pods_ImplementandoFirebase.framework */; };
		551E9C262C86BFE200105717 /* Loading.swift in Sources */ = {isa = PBXBuildFile; fileRef = 551E9C252C86BFE200105717 /* Loading.swift */; };
		55387C552C958E660021570E /* Lottie in Frameworks */ = {isa = PBXBuildFile; productRef = 55387C542C958E660021570E /* Lottie */; };
		55387C572C959B330021570E /* LoadingLottie.swift in Sources */ = {isa = PBXBuildFile; fileRef = 55387C562C959B330021570E /* LoadingLottie.swift */; };
		55387C592C959BEF0021570E /* loading-animation.json in Resources */ = {isa = PBXBuildFile; fileRef = 55387C582C959BEF0021570E /* loading-animation.json */; };
		55387C5B2C959F8E0021570E /* loading.json in Resources */ = {isa = PBXBuildFile; fileRef = 55387C5A2C959F8E0021570E /* loading.json */; };
		554C85652C8FD34E00BDFC77 /* LoadingShared.swift in Sources */ = {isa = PBXBuildFile; fileRef = 554C85642C8FD34E00BDFC77 /* LoadingShared.swift */; };
		55507D3E2C6EBCBE004010BD /* LoginViewModel.swift in Sources */ = {isa = PBXBuildFile; fileRef = 55507D3D2C6EBCBE004010BD /* LoginViewModel.swift */; };
		55507D412C6EBF1C004010BD /* RegisterViewController.swift in Sources */ = {isa = PBXBuildFile; fileRef = 55507D402C6EBF1C004010BD /* RegisterViewController.swift */; };
		55507D462C6EBF6D004010BD /* RegisterScreen.swift in Sources */ = {isa = PBXBuildFile; fileRef = 55507D452C6EBF6D004010BD /* RegisterScreen.swift */; };
		5579601A2C6D6DD40042AB63 /* GoogleService-Info.plist in Resources */ = {isa = PBXBuildFile; fileRef = 557960192C6D6DD40042AB63 /* GoogleService-Info.plist */; };
		557FBA772C71119A00932FF5 /* RegisterViewModel.swift in Sources */ = {isa = PBXBuildFile; fileRef = 557FBA762C71119A00932FF5 /* RegisterViewModel.swift */; };
		55B3ADE22C6AD41000B16670 /* AppDelegate.swift in Sources */ = {isa = PBXBuildFile; fileRef = 55B3ADE12C6AD41000B16670 /* AppDelegate.swift */; };
		55B3ADE42C6AD41000B16670 /* SceneDelegate.swift in Sources */ = {isa = PBXBuildFile; fileRef = 55B3ADE32C6AD41000B16670 /* SceneDelegate.swift */; };
		55B3ADE62C6AD41000B16670 /* LoginViewController.swift in Sources */ = {isa = PBXBuildFile; fileRef = 55B3ADE52C6AD41000B16670 /* LoginViewController.swift */; };
		55B3ADEB2C6AD41100B16670 /* Assets.xcassets in Resources */ = {isa = PBXBuildFile; fileRef = 55B3ADEA2C6AD41100B16670 /* Assets.xcassets */; };
		55B3ADEE2C6AD41100B16670 /* Base in Resources */ = {isa = PBXBuildFile; fileRef = 55B3ADED2C6AD41100B16670 /* Base */; };
		55B3ADF82C6AD53F00B16670 /* LoginScreen.swift in Sources */ = {isa = PBXBuildFile; fileRef = 55B3ADF72C6AD53F00B16670 /* LoginScreen.swift */; };
/* End PBXBuildFile section */

/* Begin PBXFileReference section */
		29F37F7228F74D8E5E0B76CF /* Pods_ImplementandoFirebase.framework */ = {isa = PBXFileReference; explicitFileType = wrapper.framework; includeInIndex = 0; path = Pods_ImplementandoFirebase.framework; sourceTree = BUILT_PRODUCTS_DIR; };
		4B3682D77778E137236A2ABC /* Pods-ImplementandoFirebase.release.xcconfig */ = {isa = PBXFileReference; includeInIndex = 1; lastKnownFileType = text.xcconfig; name = "Pods-ImplementandoFirebase.release.xcconfig"; path = "Target Support Files/Pods-ImplementandoFirebase/Pods-ImplementandoFirebase.release.xcconfig"; sourceTree = "<group>"; };
		551E9C252C86BFE200105717 /* Loading.swift */ = {isa = PBXFileReference; lastKnownFileType = sourcecode.swift; path = Loading.swift; sourceTree = "<group>"; };
		55387C562C959B330021570E /* LoadingLottie.swift */ = {isa = PBXFileReference; lastKnownFileType = sourcecode.swift; path = LoadingLottie.swift; sourceTree = "<group>"; };
		55387C582C959BEF0021570E /* loading-animation.json */ = {isa = PBXFileReference; fileEncoding = 4; lastKnownFileType = text.json; path = "loading-animation.json"; sourceTree = "<group>"; };
		55387C5A2C959F8E0021570E /* loading.json */ = {isa = PBXFileReference; fileEncoding = 4; lastKnownFileType = text.json; path = loading.json; sourceTree = "<group>"; };
		554C85642C8FD34E00BDFC77 /* LoadingShared.swift */ = {isa = PBXFileReference; lastKnownFileType = sourcecode.swift; path = LoadingShared.swift; sourceTree = "<group>"; };
		55507D3D2C6EBCBE004010BD /* LoginViewModel.swift */ = {isa = PBXFileReference; lastKnownFileType = sourcecode.swift; path = LoginViewModel.swift; sourceTree = "<group>"; };
		55507D402C6EBF1C004010BD /* RegisterViewController.swift */ = {isa = PBXFileReference; lastKnownFileType = sourcecode.swift; path = RegisterViewController.swift; sourceTree = "<group>"; };
		55507D452C6EBF6D004010BD /* RegisterScreen.swift */ = {isa = PBXFileReference; lastKnownFileType = sourcecode.swift; path = RegisterScreen.swift; sourceTree = "<group>"; };
		557960192C6D6DD40042AB63 /* GoogleService-Info.plist */ = {isa = PBXFileReference; fileEncoding = 4; lastKnownFileType = text.plist.xml; path = "GoogleService-Info.plist"; sourceTree = "<group>"; };
		557FBA762C71119A00932FF5 /* RegisterViewModel.swift */ = {isa = PBXFileReference; lastKnownFileType = sourcecode.swift; path = RegisterViewModel.swift; sourceTree = "<group>"; };
		55B3ADDE2C6AD41000B16670 /* ImplementandoFirebase.app */ = {isa = PBXFileReference; explicitFileType = wrapper.application; includeInIndex = 0; path = ImplementandoFirebase.app; sourceTree = BUILT_PRODUCTS_DIR; };
		55B3ADE12C6AD41000B16670 /* AppDelegate.swift */ = {isa = PBXFileReference; lastKnownFileType = sourcecode.swift; path = AppDelegate.swift; sourceTree = "<group>"; };
		55B3ADE32C6AD41000B16670 /* SceneDelegate.swift */ = {isa = PBXFileReference; lastKnownFileType = sourcecode.swift; path = SceneDelegate.swift; sourceTree = "<group>"; };
		55B3ADE52C6AD41000B16670 /* LoginViewController.swift */ = {isa = PBXFileReference; lastKnownFileType = sourcecode.swift; path = LoginViewController.swift; sourceTree = "<group>"; };
		55B3ADEA2C6AD41100B16670 /* Assets.xcassets */ = {isa = PBXFileReference; lastKnownFileType = folder.assetcatalog; path = Assets.xcassets; sourceTree = "<group>"; };
		55B3ADED2C6AD41100B16670 /* Base */ = {isa = PBXFileReference; lastKnownFileType = file.storyboard; name = Base; path = Base.lproj/LaunchScreen.storyboard; sourceTree = "<group>"; };
		55B3ADEF2C6AD41100B16670 /* Info.plist */ = {isa = PBXFileReference; lastKnownFileType = text.plist.xml; path = Info.plist; sourceTree = "<group>"; };
		55B3ADF72C6AD53F00B16670 /* LoginScreen.swift */ = {isa = PBXFileReference; lastKnownFileType = sourcecode.swift; path = LoginScreen.swift; sourceTree = "<group>"; };
		A8E62ED7515A968127B2C455 /* Pods-ImplementandoFirebase.debug.xcconfig */ = {isa = PBXFileReference; includeInIndex = 1; lastKnownFileType = text.xcconfig; name = "Pods-ImplementandoFirebase.debug.xcconfig"; path = "Target Support Files/Pods-ImplementandoFirebase/Pods-ImplementandoFirebase.debug.xcconfig"; sourceTree = "<group>"; };
/* End PBXFileReference section */

/* Begin PBXFrameworksBuildPhase section */
		55B3ADDB2C6AD41000B16670 /* Frameworks */ = {
			isa = PBXFrameworksBuildPhase;
			buildActionMask = 2147483647;
			files = (
				4145045CE250E61BAAD870A5 /* Pods_ImplementandoFirebase.framework in Frameworks */,
				55387C552C958E660021570E /* Lottie in Frameworks */,
			);
			runOnlyForDeploymentPostprocessing = 0;
		};
/* End PBXFrameworksBuildPhase section */

/* Begin PBXGroup section */
		551E9C242C86BFD400105717 /* Loading */ = {
			isa = PBXGroup;
			children = (
				551E9C252C86BFE200105717 /* Loading.swift */,
				554C85642C8FD34E00BDFC77 /* LoadingShared.swift */,
				55387C562C959B330021570E /* LoadingLottie.swift */,
			);
			path = Loading;
			sourceTree = "<group>";
		};
		55507D3F2C6EBE63004010BD /* Register */ = {
			isa = PBXGroup;
			children = (
				55507D422C6EBF39004010BD /* Screen */,
				55507D402C6EBF1C004010BD /* RegisterViewController.swift */,
				557FBA762C71119A00932FF5 /* RegisterViewModel.swift */,
			);
			path = Register;
			sourceTree = "<group>";
		};
		55507D422C6EBF39004010BD /* Screen */ = {
			isa = PBXGroup;
			children = (
				55507D452C6EBF6D004010BD /* RegisterScreen.swift */,
			);
			path = Screen;
			sourceTree = "<group>";
		};
		55B3ADD52C6AD41000B16670 = {
			isa = PBXGroup;
			children = (
				55B3ADE02C6AD41000B16670 /* ImplementandoFirebase */,
				55B3ADDF2C6AD41000B16670 /* Products */,
				E785072114879B14B350BDC6 /* Pods */,
				5FA89E488F4527A0465B5EF8 /* Frameworks */,
			);
			sourceTree = "<group>";
		};
		55B3ADDF2C6AD41000B16670 /* Products */ = {
			isa = PBXGroup;
			children = (
				55B3ADDE2C6AD41000B16670 /* ImplementandoFirebase.app */,
			);
			name = Products;
			sourceTree = "<group>";
		};
		55B3ADE02C6AD41000B16670 /* ImplementandoFirebase */ = {
			isa = PBXGroup;
			children = (
				551E9C242C86BFD400105717 /* Loading */,
				55507D3F2C6EBE63004010BD /* Register */,
				55B3ADF62C6AD4ED00B16670 /* Login */,
				55B3ADE12C6AD41000B16670 /* AppDelegate.swift */,
				55387C582C959BEF0021570E /* loading-animation.json */,
				55387C5A2C959F8E0021570E /* loading.json */,
				55B3ADE32C6AD41000B16670 /* SceneDelegate.swift */,
				55B3ADEA2C6AD41100B16670 /* Assets.xcassets */,
				55B3ADEC2C6AD41100B16670 /* LaunchScreen.storyboard */,
				557960192C6D6DD40042AB63 /* GoogleService-Info.plist */,
				55B3ADEF2C6AD41100B16670 /* Info.plist */,
			);
			path = ImplementandoFirebase;
			sourceTree = "<group>";
		};
		55B3ADF52C6AD4B100B16670 /* Screen */ = {
			isa = PBXGroup;
			children = (
				55B3ADF72C6AD53F00B16670 /* LoginScreen.swift */,
			);
			path = Screen;
			sourceTree = "<group>";
		};
		55B3ADF62C6AD4ED00B16670 /* Login */ = {
			isa = PBXGroup;
			children = (
				55B3ADF52C6AD4B100B16670 /* Screen */,
				55B3ADE52C6AD41000B16670 /* LoginViewController.swift */,
				55507D3D2C6EBCBE004010BD /* LoginViewModel.swift */,
			);
			path = Login;
			sourceTree = "<group>";
		};
		5FA89E488F4527A0465B5EF8 /* Frameworks */ = {
			isa = PBXGroup;
			children = (
				29F37F7228F74D8E5E0B76CF /* Pods_ImplementandoFirebase.framework */,
			);
			name = Frameworks;
			sourceTree = "<group>";
		};
		E785072114879B14B350BDC6 /* Pods */ = {
			isa = PBXGroup;
			children = (
				A8E62ED7515A968127B2C455 /* Pods-ImplementandoFirebase.debug.xcconfig */,
				4B3682D77778E137236A2ABC /* Pods-ImplementandoFirebase.release.xcconfig */,
			);
			path = Pods;
			sourceTree = "<group>";
		};
/* End PBXGroup section */

/* Begin PBXNativeTarget section */
		55B3ADDD2C6AD41000B16670 /* ImplementandoFirebase */ = {
			isa = PBXNativeTarget;
			buildConfigurationList = 55B3ADF22C6AD41100B16670 /* Build configuration list for PBXNativeTarget "ImplementandoFirebase" */;
			buildPhases = (
				268E6011187388F492CA6911 /* [CP] Check Pods Manifest.lock */,
				55B3ADDA2C6AD41000B16670 /* Sources */,
				55B3ADDB2C6AD41000B16670 /* Frameworks */,
				55B3ADDC2C6AD41000B16670 /* Resources */,
				82003F2C3B20A4D17BBDC790 /* [CP] Embed Pods Frameworks */,
			);
			buildRules = (
			);
			dependencies = (
			);
			name = ImplementandoFirebase;
			packageProductDependencies = (
				55387C542C958E660021570E /* Lottie */,
			);
			productName = ImplementandoFirebase;
			productReference = 55B3ADDE2C6AD41000B16670 /* ImplementandoFirebase.app */;
			productType = "com.apple.product-type.application";
		};
/* End PBXNativeTarget section */

/* Begin PBXProject section */
		55B3ADD62C6AD41000B16670 /* Project object */ = {
			isa = PBXProject;
			attributes = {
				BuildIndependentTargetsInParallel = 1;
				LastSwiftUpdateCheck = 1540;
				LastUpgradeCheck = 1540;
				TargetAttributes = {
					55B3ADDD2C6AD41000B16670 = {
						CreatedOnToolsVersion = 15.4;
					};
				};
			};
			buildConfigurationList = 55B3ADD92C6AD41000B16670 /* Build configuration list for PBXProject "ImplementandoFirebase" */;
			compatibilityVersion = "Xcode 14.0";
			developmentRegion = en;
			hasScannedForEncodings = 0;
			knownRegions = (
				en,
				Base,
			);
			mainGroup = 55B3ADD52C6AD41000B16670;
			packageReferences = (
				55387C532C958E660021570E /* XCRemoteSwiftPackageReference "lottie-spm" */,
			);
			productRefGroup = 55B3ADDF2C6AD41000B16670 /* Products */;
			projectDirPath = "";
			projectRoot = "";
			targets = (
				55B3ADDD2C6AD41000B16670 /* ImplementandoFirebase */,
			);
		};
/* End PBXProject section */

/* Begin PBXResourcesBuildPhase section */
		55B3ADDC2C6AD41000B16670 /* Resources */ = {
			isa = PBXResourcesBuildPhase;
			buildActionMask = 2147483647;
			files = (
				55B3ADEB2C6AD41100B16670 /* Assets.xcassets in Resources */,
				55387C5B2C959F8E0021570E /* loading.json in Resources */,
				55B3ADEE2C6AD41100B16670 /* Base in Resources */,
				55387C592C959BEF0021570E /* loading-animation.json in Resources */,
				5579601A2C6D6DD40042AB63 /* GoogleService-Info.plist in Resources */,
			);
			runOnlyForDeploymentPostprocessing = 0;
		};
/* End PBXResourcesBuildPhase section */

/* Begin PBXShellScriptBuildPhase section */
		268E6011187388F492CA6911 /* [CP] Check Pods Manifest.lock */ = {
			isa = PBXShellScriptBuildPhase;
			buildActionMask = 2147483647;
			files = (
			);
			inputFileListPaths = (
			);
			inputPaths = (
				"${PODS_PODFILE_DIR_PATH}/Podfile.lock",
				"${PODS_ROOT}/Manifest.lock",
			);
			name = "[CP] Check Pods Manifest.lock";
			outputFileListPaths = (
			);
			outputPaths = (
				"$(DERIVED_FILE_DIR)/Pods-ImplementandoFirebase-checkManifestLockResult.txt",
			);
			runOnlyForDeploymentPostprocessing = 0;
			shellPath = /bin/sh;
			shellScript = "diff \"${PODS_PODFILE_DIR_PATH}/Podfile.lock\" \"${PODS_ROOT}/Manifest.lock\" > /dev/null\nif [ $? != 0 ] ; then\n    # print error to STDERR\n    echo \"error: The sandbox is not in sync with the Podfile.lock. Run 'pod install' or update your CocoaPods installation.\" >&2\n    exit 1\nfi\n# This output is used by Xcode 'outputs' to avoid re-running this script phase.\necho \"SUCCESS\" > \"${SCRIPT_OUTPUT_FILE_0}\"\n";
			showEnvVarsInLog = 0;
		};
		82003F2C3B20A4D17BBDC790 /* [CP] Embed Pods Frameworks */ = {
			isa = PBXShellScriptBuildPhase;
			buildActionMask = 2147483647;
			files = (
			);
			inputFileListPaths = (
				"${PODS_ROOT}/Target Support Files/Pods-ImplementandoFirebase/Pods-ImplementandoFirebase-frameworks-${CONFIGURATION}-input-files.xcfilelist",
			);
			name = "[CP] Embed Pods Frameworks";
			outputFileListPaths = (
				"${PODS_ROOT}/Target Support Files/Pods-ImplementandoFirebase/Pods-ImplementandoFirebase-frameworks-${CONFIGURATION}-output-files.xcfilelist",
			);
			runOnlyForDeploymentPostprocessing = 0;
			shellPath = /bin/sh;
			shellScript = "\"${PODS_ROOT}/Target Support Files/Pods-ImplementandoFirebase/Pods-ImplementandoFirebase-frameworks.sh\"\n";
			showEnvVarsInLog = 0;
		};
/* End PBXShellScriptBuildPhase section */

/* Begin PBXSourcesBuildPhase section */
		55B3ADDA2C6AD41000B16670 /* Sources */ = {
			isa = PBXSourcesBuildPhase;
			buildActionMask = 2147483647;
			files = (
				55B3ADE62C6AD41000B16670 /* LoginViewController.swift in Sources */,
				551E9C262C86BFE200105717 /* Loading.swift in Sources */,
				55B3ADF82C6AD53F00B16670 /* LoginScreen.swift in Sources */,
				55B3ADE22C6AD41000B16670 /* AppDelegate.swift in Sources */,
				557FBA772C71119A00932FF5 /* RegisterViewModel.swift in Sources */,
				55507D462C6EBF6D004010BD /* RegisterScreen.swift in Sources */,
				55387C572C959B330021570E /* LoadingLottie.swift in Sources */,
				55507D412C6EBF1C004010BD /* RegisterViewController.swift in Sources */,
				55507D3E2C6EBCBE004010BD /* LoginViewModel.swift in Sources */,
				55B3ADE42C6AD41000B16670 /* SceneDelegate.swift in Sources */,
				554C85652C8FD34E00BDFC77 /* LoadingShared.swift in Sources */,
			);
			runOnlyForDeploymentPostprocessing = 0;
		};
/* End PBXSourcesBuildPhase section */

/* Begin PBXVariantGroup section */
		55B3ADEC2C6AD41100B16670 /* LaunchScreen.storyboard */ = {
			isa = PBXVariantGroup;
			children = (
				55B3ADED2C6AD41100B16670 /* Base */,
			);
			name = LaunchScreen.storyboard;
			sourceTree = "<group>";
		};
/* End PBXVariantGroup section */

/* Begin XCBuildConfiguration section */
		55B3ADF02C6AD41100B16670 /* Debug */ = {
			isa = XCBuildConfiguration;
			buildSettings = {
				ALWAYS_SEARCH_USER_PATHS = NO;
				ASSETCATALOG_COMPILER_GENERATE_SWIFT_ASSET_SYMBOL_EXTENSIONS = YES;
				CLANG_ANALYZER_NONNULL = YES;
				CLANG_ANALYZER_NUMBER_OBJECT_CONVERSION = YES_AGGRESSIVE;
				CLANG_CXX_LANGUAGE_STANDARD = "gnu++20";
				CLANG_ENABLE_MODULES = YES;
				CLANG_ENABLE_OBJC_ARC = YES;
				CLANG_ENABLE_OBJC_WEAK = YES;
				CLANG_WARN_BLOCK_CAPTURE_AUTORELEASING = YES;
				CLANG_WARN_BOOL_CONVERSION = YES;
				CLANG_WARN_COMMA = YES;
				CLANG_WARN_CONSTANT_CONVERSION = YES;
				CLANG_WARN_DEPRECATED_OBJC_IMPLEMENTATIONS = YES;
				CLANG_WARN_DIRECT_OBJC_ISA_USAGE = YES_ERROR;
				CLANG_WARN_DOCUMENTATION_COMMENTS = YES;
				CLANG_WARN_EMPTY_BODY = YES;
				CLANG_WARN_ENUM_CONVERSION = YES;
				CLANG_WARN_INFINITE_RECURSION = YES;
				CLANG_WARN_INT_CONVERSION = YES;
				CLANG_WARN_NON_LITERAL_NULL_CONVERSION = YES;
				CLANG_WARN_OBJC_IMPLICIT_RETAIN_SELF = YES;
				CLANG_WARN_OBJC_LITERAL_CONVERSION = YES;
				CLANG_WARN_OBJC_ROOT_CLASS = YES_ERROR;
				CLANG_WARN_QUOTED_INCLUDE_IN_FRAMEWORK_HEADER = YES;
				CLANG_WARN_RANGE_LOOP_ANALYSIS = YES;
				CLANG_WARN_STRICT_PROTOTYPES = YES;
				CLANG_WARN_SUSPICIOUS_MOVE = YES;
				CLANG_WARN_UNGUARDED_AVAILABILITY = YES_AGGRESSIVE;
				CLANG_WARN_UNREACHABLE_CODE = YES;
				CLANG_WARN__DUPLICATE_METHOD_MATCH = YES;
				COPY_PHASE_STRIP = NO;
				DEBUG_INFORMATION_FORMAT = dwarf;
				ENABLE_STRICT_OBJC_MSGSEND = YES;
				ENABLE_TESTABILITY = YES;
				ENABLE_USER_SCRIPT_SANDBOXING = YES;
				GCC_C_LANGUAGE_STANDARD = gnu17;
				GCC_DYNAMIC_NO_PIC = NO;
				GCC_NO_COMMON_BLOCKS = YES;
				GCC_OPTIMIZATION_LEVEL = 0;
				GCC_PREPROCESSOR_DEFINITIONS = (
					"DEBUG=1",
					"$(inherited)",
				);
				GCC_WARN_64_TO_32_BIT_CONVERSION = YES;
				GCC_WARN_ABOUT_RETURN_TYPE = YES_ERROR;
				GCC_WARN_UNDECLARED_SELECTOR = YES;
				GCC_WARN_UNINITIALIZED_AUTOS = YES_AGGRESSIVE;
				GCC_WARN_UNUSED_FUNCTION = YES;
				GCC_WARN_UNUSED_VARIABLE = YES;
				IPHONEOS_DEPLOYMENT_TARGET = 17.5;
				LOCALIZATION_PREFERS_STRING_CATALOGS = YES;
				MTL_ENABLE_DEBUG_INFO = INCLUDE_SOURCE;
				MTL_FAST_MATH = YES;
				ONLY_ACTIVE_ARCH = YES;
				SDKROOT = iphoneos;
				SWIFT_ACTIVE_COMPILATION_CONDITIONS = "DEBUG $(inherited)";
				SWIFT_OPTIMIZATION_LEVEL = "-Onone";
			};
			name = Debug;
		};
		55B3ADF12C6AD41100B16670 /* Release */ = {
			isa = XCBuildConfiguration;
			buildSettings = {
				ALWAYS_SEARCH_USER_PATHS = NO;
				ASSETCATALOG_COMPILER_GENERATE_SWIFT_ASSET_SYMBOL_EXTENSIONS = YES;
				CLANG_ANALYZER_NONNULL = YES;
				CLANG_ANALYZER_NUMBER_OBJECT_CONVERSION = YES_AGGRESSIVE;
				CLANG_CXX_LANGUAGE_STANDARD = "gnu++20";
				CLANG_ENABLE_MODULES = YES;
				CLANG_ENABLE_OBJC_ARC = YES;
				CLANG_ENABLE_OBJC_WEAK = YES;
				CLANG_WARN_BLOCK_CAPTURE_AUTORELEASING = YES;
				CLANG_WARN_BOOL_CONVERSION = YES;
				CLANG_WARN_COMMA = YES;
				CLANG_WARN_CONSTANT_CONVERSION = YES;
				CLANG_WARN_DEPRECATED_OBJC_IMPLEMENTATIONS = YES;
				CLANG_WARN_DIRECT_OBJC_ISA_USAGE = YES_ERROR;
				CLANG_WARN_DOCUMENTATION_COMMENTS = YES;
				CLANG_WARN_EMPTY_BODY = YES;
				CLANG_WARN_ENUM_CONVERSION = YES;
				CLANG_WARN_INFINITE_RECURSION = YES;
				CLANG_WARN_INT_CONVERSION = YES;
				CLANG_WARN_NON_LITERAL_NULL_CONVERSION = YES;
				CLANG_WARN_OBJC_IMPLICIT_RETAIN_SELF = YES;
				CLANG_WARN_OBJC_LITERAL_CONVERSION = YES;
				CLANG_WARN_OBJC_ROOT_CLASS = YES_ERROR;
				CLANG_WARN_QUOTED_INCLUDE_IN_FRAMEWORK_HEADER = YES;
				CLANG_WARN_RANGE_LOOP_ANALYSIS = YES;
				CLANG_WARN_STRICT_PROTOTYPES = YES;
				CLANG_WARN_SUSPICIOUS_MOVE = YES;
				CLANG_WARN_UNGUARDED_AVAILABILITY = YES_AGGRESSIVE;
				CLANG_WARN_UNREACHABLE_CODE = YES;
				CLANG_WARN__DUPLICATE_METHOD_MATCH = YES;
				COPY_PHASE_STRIP = NO;
				DEBUG_INFORMATION_FORMAT = "dwarf-with-dsym";
				ENABLE_NS_ASSERTIONS = NO;
				ENABLE_STRICT_OBJC_MSGSEND = YES;
				ENABLE_USER_SCRIPT_SANDBOXING = YES;
				GCC_C_LANGUAGE_STANDARD = gnu17;
				GCC_NO_COMMON_BLOCKS = YES;
				GCC_WARN_64_TO_32_BIT_CONVERSION = YES;
				GCC_WARN_ABOUT_RETURN_TYPE = YES_ERROR;
				GCC_WARN_UNDECLARED_SELECTOR = YES;
				GCC_WARN_UNINITIALIZED_AUTOS = YES_AGGRESSIVE;
				GCC_WARN_UNUSED_FUNCTION = YES;
				GCC_WARN_UNUSED_VARIABLE = YES;
				IPHONEOS_DEPLOYMENT_TARGET = 17.5;
				LOCALIZATION_PREFERS_STRING_CATALOGS = YES;
				MTL_ENABLE_DEBUG_INFO = NO;
				MTL_FAST_MATH = YES;
				SDKROOT = iphoneos;
				SWIFT_COMPILATION_MODE = wholemodule;
				VALIDATE_PRODUCT = YES;
			};
			name = Release;
		};
		55B3ADF32C6AD41100B16670 /* Debug */ = {
			isa = XCBuildConfiguration;
			baseConfigurationReference = A8E62ED7515A968127B2C455 /* Pods-ImplementandoFirebase.debug.xcconfig */;
			buildSettings = {
				ASSETCATALOG_COMPILER_APPICON_NAME = AppIcon;
				ASSETCATALOG_COMPILER_GLOBAL_ACCENT_COLOR_NAME = AccentColor;
				CODE_SIGN_STYLE = Automatic;
				CURRENT_PROJECT_VERSION = 1;
				ENABLE_USER_SCRIPT_SANDBOXING = NO;
				GENERATE_INFOPLIST_FILE = YES;
				INFOPLIST_FILE = ImplementandoFirebase/Info.plist;
				INFOPLIST_KEY_UIApplicationSupportsIndirectInputEvents = YES;
				INFOPLIST_KEY_UILaunchStoryboardName = LaunchScreen;
				INFOPLIST_KEY_UIMainStoryboardFile = "";
				INFOPLIST_KEY_UISupportedInterfaceOrientations_iPad = "UIInterfaceOrientationPortrait UIInterfaceOrientationPortraitUpsideDown UIInterfaceOrientationLandscapeLeft UIInterfaceOrientationLandscapeRight";
				INFOPLIST_KEY_UISupportedInterfaceOrientations_iPhone = "UIInterfaceOrientationPortrait UIInterfaceOrientationLandscapeLeft UIInterfaceOrientationLandscapeRight";
				LD_RUNPATH_SEARCH_PATHS = (
					"$(inherited)",
					"@executable_path/Frameworks",
				);
				MARKETING_VERSION = 1.0;
				PRODUCT_BUNDLE_IDENTIFIER = bootcampiOS.ImplementandoFirebaseEdu;
				PRODUCT_NAME = "$(TARGET_NAME)";
				SWIFT_EMIT_LOC_STRINGS = YES;
				SWIFT_VERSION = 5.0;
				TARGETED_DEVICE_FAMILY = "1,2";
			};
			name = Debug;
		};
		55B3ADF42C6AD41100B16670 /* Release */ = {
			isa = XCBuildConfiguration;
			baseConfigurationReference = 4B3682D77778E137236A2ABC /* Pods-ImplementandoFirebase.release.xcconfig */;
			buildSettings = {
				ASSETCATALOG_COMPILER_APPICON_NAME = AppIcon;
				ASSETCATALOG_COMPILER_GLOBAL_ACCENT_COLOR_NAME = AccentColor;
				CODE_SIGN_STYLE = Automatic;
				CURRENT_PROJECT_VERSION = 1;
				ENABLE_USER_SCRIPT_SANDBOXING = NO;
				GENERATE_INFOPLIST_FILE = YES;
				INFOPLIST_FILE = ImplementandoFirebase/Info.plist;
				INFOPLIST_KEY_UIApplicationSupportsIndirectInputEvents = YES;
				INFOPLIST_KEY_UILaunchStoryboardName = LaunchScreen;
				INFOPLIST_KEY_UIMainStoryboardFile = "";
				INFOPLIST_KEY_UISupportedInterfaceOrientations_iPad = "UIInterfaceOrientationPortrait UIInterfaceOrientationPortraitUpsideDown UIInterfaceOrientationLandscapeLeft UIInterfaceOrientationLandscapeRight";
				INFOPLIST_KEY_UISupportedInterfaceOrientations_iPhone = "UIInterfaceOrientationPortrait UIInterfaceOrientationLandscapeLeft UIInterfaceOrientationLandscapeRight";
				LD_RUNPATH_SEARCH_PATHS = (
					"$(inherited)",
					"@executable_path/Frameworks",
				);
				MARKETING_VERSION = 1.0;
				PRODUCT_BUNDLE_IDENTIFIER = bootcampiOS.ImplementandoFirebaseEdu;
				PRODUCT_NAME = "$(TARGET_NAME)";
				SWIFT_EMIT_LOC_STRINGS = YES;
				SWIFT_VERSION = 5.0;
				TARGETED_DEVICE_FAMILY = "1,2";
			};
			name = Release;
		};
/* End XCBuildConfiguration section */

/* Begin XCConfigurationList section */
		55B3ADD92C6AD41000B16670 /* Build configuration list for PBXProject "ImplementandoFirebase" */ = {
			isa = XCConfigurationList;
			buildConfigurations = (
				55B3ADF02C6AD41100B16670 /* Debug */,
				55B3ADF12C6AD41100B16670 /* Release */,
			);
			defaultConfigurationIsVisible = 0;
			defaultConfigurationName = Release;
		};
		55B3ADF22C6AD41100B16670 /* Build configuration list for PBXNativeTarget "ImplementandoFirebase" */ = {
			isa = XCConfigurationList;
			buildConfigurations = (
				55B3ADF32C6AD41100B16670 /* Debug */,
				55B3ADF42C6AD41100B16670 /* Release */,
			);
			defaultConfigurationIsVisible = 0;
			defaultConfigurationName = Release;
		};
/* End XCConfigurationList section */

/* Begin XCRemoteSwiftPackageReference section */
		55387C532C958E660021570E /* XCRemoteSwiftPackageReference "lottie-spm" */ = {
			isa = XCRemoteSwiftPackageReference;
			repositoryURL = "https://github.com/airbnb/lottie-spm.git";
			requirement = {
				kind = upToNextMajorVersion;
				minimumVersion = 4.5.0;
			};
		};
/* End XCRemoteSwiftPackageReference section */

/* Begin XCSwiftPackageProductDependency section */
		55387C542C958E660021570E /* Lottie */ = {
			isa = XCSwiftPackageProductDependency;
			package = 55387C532C958E660021570E /* XCRemoteSwiftPackageReference "lottie-spm" */;
			productName = Lottie;
		};
/* End XCSwiftPackageProductDependency section */
	};
	rootObject = 55B3ADD62C6AD41000B16670 /* Project object */;
}
